
Microsoft Visual Studio Solution File, Format Version 12.00
# Visual Studio Version 17
VisualStudioVersion = 17.7.34031.279
MinimumVisualStudioVersion = 10.0.40219.1
Project("{9A19103F-16F7-4668-BE54-9A1E7A4F7556}") = "ProductStore", "ProductStore\ProductStore.csproj", "{E2C29A71-B1CE-4409-A387-5C2899D822BC}"
EndProject
Project("{9A19103F-16F7-4668-BE54-9A1E7A4F7556}") = "ProductStore_Razor", "ProductStore_Razor\ProductStore_Razor.csproj", "{2F432F9C-1848-47C2-B775-44E1B4A56CAF}"
EndProject
Global
	GlobalSection(SolutionConfigurationPlatforms) = preSolution
		Debug|Any CPU = Debug|Any CPU
		Release|Any CPU = Release|Any CPU
	EndGlobalSection
	GlobalSection(ProjectConfigurationPlatforms) = postSolution
		{E2C29A71-B1CE-4409-A387-5C2899D822BC}.Debug|Any CPU.ActiveCfg = Debug|Any CPU
		{E2C29A71-B1CE-4409-A387-5C2899D822BC}.Debug|Any CPU.Build.0 = Debug|Any CPU
		{E2C29A71-B1CE-4409-A387-5C2899D822BC}.Release|Any CPU.ActiveCfg = Release|Any CPU
		{E2C29A71-B1CE-4409-A387-5C2899D822BC}.Release|Any CPU.Build.0 = Release|Any CPU
		{2F432F9C-1848-47C2-B775-44E1B4A56CAF}.Debug|Any CPU.ActiveCfg = Debug|Any CPU
		{2F432F9C-1848-47C2-B775-44E1B4A56CAF}.Debug|Any CPU.Build.0 = Debug|Any CPU
		{2F432F9C-1848-47C2-B775-44E1B4A56CAF}.Release|Any CPU.ActiveCfg = Release|Any CPU
		{2F432F9C-1848-47C2-B775-44E1B4A56CAF}.Release|Any CPU.Build.0 = Release|Any CPU
	EndGlobalSection
	GlobalSection(SolutionProperties) = preSolution
		HideSolutionNode = FALSE
	EndGlobalSection
	GlobalSection(ExtensibilityGlobals) = postSolution
		SolutionGuid = {5229D3EB-79E6-460C-9DF0-219F5C12385E}
	EndGlobalSection
EndGlobal
